
Microsoft Visual Studio Solution File, Format Version 12.00
# Visual Studio Version 16
VisualStudioVersion = 16.0.30404.54
MinimumVisualStudioVersion = 10.0.40219.1
Project("{9A19103F-16F7-4668-BE54-9A1E7A4F7556}") = "RestApp.Common", "RestApp.Common\RestApp.Common.csproj", "{BC67F7A0-60AF-44DE-B90A-5A49E40324AA}"
EndProject
Project("{9A19103F-16F7-4668-BE54-9A1E7A4F7556}") = "RestApp.Prism", "..\RestApp.Prism\RestApp.Prism\RestApp.Prism.csproj", "{A933A4A1-E367-40CA-85BE-78C823152EFB}"
EndProject
Project("{FAE04EC0-301F-11D3-BF4B-00C04F79EFBC}") = "RestApp.Prism.Android", "..\RestApp.Prism\RestApp.Prism.Android\RestApp.Prism.Android.csproj", "{D92CB500-76AB-4AAD-B63A-0B8321E5CA2F}"
EndProject
Project("{FAE04EC0-301F-11D3-BF4B-00C04F79EFBC}") = "RestApp.Prism.iOS", "..\RestApp.Prism\RestApp.Prism.iOS\RestApp.Prism.iOS.csproj", "{A7B28894-AB0D-4DB5-AE90-22776DE18CED}"
EndProject
Project("{9A19103F-16F7-4668-BE54-9A1E7A4F7556}") = "ReatApp.Web", "..\ReatApp.Web\ReatApp.Web.csproj", "{B99F89E0-7F7F-4FFA-80E8-770F3D25DE56}"
EndProject
Global
	GlobalSection(SolutionConfigurationPlatforms) = preSolution
		Ad-Hoc|Any CPU = Ad-Hoc|Any CPU
		Ad-Hoc|iPhone = Ad-Hoc|iPhone
		Ad-Hoc|iPhoneSimulator = Ad-Hoc|iPhoneSimulator
		AppStore|Any CPU = AppStore|Any CPU
		AppStore|iPhone = AppStore|iPhone
		AppStore|iPhoneSimulator = AppStore|iPhoneSimulator
		Debug|Any CPU = Debug|Any CPU
		Debug|iPhone = Debug|iPhone
		Debug|iPhoneSimulator = Debug|iPhoneSimulator
		Release|Any CPU = Release|Any CPU
		Release|iPhone = Release|iPhone
		Release|iPhoneSimulator = Release|iPhoneSimulator
	EndGlobalSection
	GlobalSection(ProjectConfigurationPlatforms) = postSolution
		{BC67F7A0-60AF-44DE-B90A-5A49E40324AA}.Ad-Hoc|Any CPU.ActiveCfg = Debug|Any CPU
		{BC67F7A0-60AF-44DE-B90A-5A49E40324AA}.Ad-Hoc|Any CPU.Build.0 = Debug|Any CPU
		{BC67F7A0-60AF-44DE-B90A-5A49E40324AA}.Ad-Hoc|iPhone.ActiveCfg = Debug|Any CPU
		{BC67F7A0-60AF-44DE-B90A-5A49E40324AA}.Ad-Hoc|iPhone.Build.0 = Debug|Any CPU
		{BC67F7A0-60AF-44DE-B90A-5A49E40324AA}.Ad-Hoc|iPhoneSimulator.ActiveCfg = Debug|Any CPU
		{BC67F7A0-60AF-44DE-B90A-5A49E40324AA}.Ad-Hoc|iPhoneSimulator.Build.0 = Debug|Any CPU
		{BC67F7A0-60AF-44DE-B90A-5A49E40324AA}.AppStore|Any CPU.ActiveCfg = Debug|Any CPU
		{BC67F7A0-60AF-44DE-B90A-5A49E40324AA}.AppStore|Any CPU.Build.0 = Debug|Any CPU
		{BC67F7A0-60AF-44DE-B90A-5A49E40324AA}.AppStore|iPhone.ActiveCfg = Debug|Any CPU
		{BC67F7A0-60AF-44DE-B90A-5A49E40324AA}.AppStore|iPhone.Build.0 = Debug|Any CPU
		{BC67F7A0-60AF-44DE-B90A-5A49E40324AA}.AppStore|iPhoneSimulator.ActiveCfg = Debug|Any CPU
		{BC67F7A0-60AF-44DE-B90A-5A49E40324AA}.AppStore|iPhoneSimulator.Build.0 = Debug|Any CPU
		{BC67F7A0-60AF-44DE-B90A-5A49E40324AA}.Debug|Any CPU.ActiveCfg = Debug|Any CPU
		{BC67F7A0-60AF-44DE-B90A-5A49E40324AA}.Debug|Any CPU.Build.0 = Debug|Any CPU
		{BC67F7A0-60AF-44DE-B90A-5A49E40324AA}.Debug|iPhone.ActiveCfg = Debug|Any CPU
		{BC67F7A0-60AF-44DE-B90A-5A49E40324AA}.Debug|iPhone.Build.0 = Debug|Any CPU
		{BC67F7A0-60AF-44DE-B90A-5A49E40324AA}.Debug|iPhoneSimulator.ActiveCfg = Debug|Any CPU
		{BC67F7A0-60AF-44DE-B90A-5A49E40324AA}.Debug|iPhoneSimulator.Build.0 = Debug|Any CPU
		{BC67F7A0-60AF-44DE-B90A-5A49E40324AA}.Release|Any CPU.ActiveCfg = Release|Any CPU
		{BC67F7A0-60AF-44DE-B90A-5A49E40324AA}.Release|Any CPU.Build.0 = Release|Any CPU
		{BC67F7A0-60AF-44DE-B90A-5A49E40324AA}.Release|iPhone.ActiveCfg = Release|Any CPU
		{BC67F7A0-60AF-44DE-B90A-5A49E40324AA}.Release|iPhone.Build.0 = Release|Any CPU
		{BC67F7A0-60AF-44DE-B90A-5A49E40324AA}.Release|iPhoneSimulator.ActiveCfg = Release|Any CPU
		{BC67F7A0-60AF-44DE-B90A-5A49E40324AA}.Release|iPhoneSimulator.Build.0 = Release|Any CPU
		{A933A4A1-E367-40CA-85BE-78C823152EFB}.Ad-Hoc|Any CPU.ActiveCfg = Debug|Any CPU
		{A933A4A1-E367-40CA-85BE-78C823152EFB}.Ad-Hoc|Any CPU.Build.0 = Debug|Any CPU
		{A933A4A1-E367-40CA-85BE-78C823152EFB}.Ad-Hoc|iPhone.ActiveCfg = Debug|Any CPU
		{A933A4A1-E367-40CA-85BE-78C823152EFB}.Ad-Hoc|iPhone.Build.0 = Debug|Any CPU
		{A933A4A1-E367-40CA-85BE-78C823152EFB}.Ad-Hoc|iPhoneSimulator.ActiveCfg = Debug|Any CPU
		{A933A4A1-E367-40CA-85BE-78C823152EFB}.Ad-Hoc|iPhoneSimulator.Build.0 = Debug|Any CPU
		{A933A4A1-E367-40CA-85BE-78C823152EFB}.AppStore|Any CPU.ActiveCfg = Debug|Any CPU
		{A933A4A1-E367-40CA-85BE-78C823152EFB}.AppStore|Any CPU.Build.0 = Debug|Any CPU
		{A933A4A1-E367-40CA-85BE-78C823152EFB}.AppStore|iPhone.ActiveCfg = Debug|Any CPU
		{A933A4A1-E367-40CA-85BE-78C823152EFB}.AppStore|iPhone.Build.0 = Debug|Any CPU
		{A933A4A1-E367-40CA-85BE-78C823152EFB}.AppStore|iPhoneSimulator.ActiveCfg = Debug|Any CPU
		{A933A4A1-E367-40CA-85BE-78C823152EFB}.AppStore|iPhoneSimulator.Build.0 = Debug|Any CPU
		{A933A4A1-E367-40CA-85BE-78C823152EFB}.Debug|Any CPU.ActiveCfg = Debug|Any CPU
		{A933A4A1-E367-40CA-85BE-78C823152EFB}.Debug|Any CPU.Build.0 = Debug|Any CPU
		{A933A4A1-E367-40CA-85BE-78C823152EFB}.Debug|iPhone.ActiveCfg = Debug|Any CPU
		{A933A4A1-E367-40CA-85BE-78C823152EFB}.Debug|iPhone.Build.0 = Debug|Any CPU
		{A933A4A1-E367-40CA-85BE-78C823152EFB}.Debug|iPhoneSimulator.ActiveCfg = Debug|Any CPU
		{A933A4A1-E367-40CA-85BE-78C823152EFB}.Debug|iPhoneSimulator.Build.0 = Debug|Any CPU
		{A933A4A1-E367-40CA-85BE-78C823152EFB}.Release|Any CPU.ActiveCfg = Release|Any CPU
		{A933A4A1-E367-40CA-85BE-78C823152EFB}.Release|Any CPU.Build.0 = Release|Any CPU
		{A933A4A1-E367-40CA-85BE-78C823152EFB}.Release|iPhone.ActiveCfg = Release|Any CPU
		{A933A4A1-E367-40CA-85BE-78C823152EFB}.Release|iPhone.Build.0 = Release|Any CPU
		{A933A4A1-E367-40CA-85BE-78C823152EFB}.Release|iPhoneSimulator.ActiveCfg = Release|Any CPU
		{A933A4A1-E367-40CA-85BE-78C823152EFB}.Release|iPhoneSimulator.Build.0 = Release|Any CPU
		{D92CB500-76AB-4AAD-B63A-0B8321E5CA2F}.Ad-Hoc|Any CPU.ActiveCfg = Release|Any CPU
		{D92CB500-76AB-4AAD-B63A-0B8321E5CA2F}.Ad-Hoc|Any CPU.Build.0 = Release|Any CPU
		{D92CB500-76AB-4AAD-B63A-0B8321E5CA2F}.Ad-Hoc|Any CPU.Deploy.0 = Release|Any CPU
		{D92CB500-76AB-4AAD-B63A-0B8321E5CA2F}.Ad-Hoc|iPhone.ActiveCfg = Release|Any CPU
		{D92CB500-76AB-4AAD-B63A-0B8321E5CA2F}.Ad-Hoc|iPhone.Build.0 = Release|Any CPU
		{D92CB500-76AB-4AAD-B63A-0B8321E5CA2F}.Ad-Hoc|iPhone.Deploy.0 = Release|Any CPU
		{D92CB500-76AB-4AAD-B63A-0B8321E5CA2F}.Ad-Hoc|iPhoneSimulator.ActiveCfg = Release|Any CPU
		{D92CB500-76AB-4AAD-B63A-0B8321E5CA2F}.Ad-Hoc|iPhoneSimulator.Build.0 = Release|Any CPU
		{D92CB500-76AB-4AAD-B63A-0B8321E5CA2F}.Ad-Hoc|iPhoneSimulator.Deploy.0 = Release|Any CPU
		{D92CB500-76AB-4AAD-B63A-0B8321E5CA2F}.AppStore|Any CPU.ActiveCfg = Release|Any CPU
		{D92CB500-76AB-4AAD-B63A-0B8321E5CA2F}.AppStore|Any CPU.Build.0 = Release|Any CPU
		{D92CB500-76AB-4AAD-B63A-0B8321E5CA2F}.AppStore|Any CPU.Deploy.0 = Release|Any CPU
		{D92CB500-76AB-4AAD-B63A-0B8321E5CA2F}.AppStore|iPhone.ActiveCfg = Release|Any CPU
		{D92CB500-76AB-4AAD-B63A-0B8321E5CA2F}.AppStore|iPhone.Build.0 = Release|Any CPU
		{D92CB500-76AB-4AAD-B63A-0B8321E5CA2F}.AppStore|iPhone.Deploy.0 = Release|Any CPU
		{D92CB500-76AB-4AAD-B63A-0B8321E5CA2F}.AppStore|iPhoneSimulator.ActiveCfg = Release|Any CPU
		{D92CB500-76AB-4AAD-B63A-0B8321E5CA2F}.AppStore|iPhoneSimulator.Build.0 = Release|Any CPU
		{D92CB500-76AB-4AAD-B63A-0B8321E5CA2F}.AppStore|iPhoneSimulator.Deploy.0 = Release|Any CPU
		{D92CB500-76AB-4AAD-B63A-0B8321E5CA2F}.Debug|Any CPU.ActiveCfg = Debug|Any CPU
		{D92CB500-76AB-4AAD-B63A-0B8321E5CA2F}.Debug|Any CPU.Build.0 = Debug|Any CPU
		{D92CB500-76AB-4AAD-B63A-0B8321E5CA2F}.Debug|Any CPU.Deploy.0 = Debug|Any CPU
		{D92CB500-76AB-4AAD-B63A-0B8321E5CA2F}.Debug|iPhone.ActiveCfg = Debug|Any CPU
		{D92CB500-76AB-4AAD-B63A-0B8321E5CA2F}.Debug|iPhone.Build.0 = Debug|Any CPU
		{D92CB500-76AB-4AAD-B63A-0B8321E5CA2F}.Debug|iPhone.Deploy.0 = Debug|Any CPU
		{D92CB500-76AB-4AAD-B63A-0B8321E5CA2F}.Debug|iPhoneSimulator.ActiveCfg = Debug|Any CPU
		{D92CB500-76AB-4AAD-B63A-0B8321E5CA2F}.Debug|iPhoneSimulator.Build.0 = Debug|Any CPU
		{D92CB500-76AB-4AAD-B63A-0B8321E5CA2F}.Debug|iPhoneSimulator.Deploy.0 = Debug|Any CPU
		{D92CB500-76AB-4AAD-B63A-0B8321E5CA2F}.Release|Any CPU.ActiveCfg = Release|Any CPU
		{D92CB500-76AB-4AAD-B63A-0B8321E5CA2F}.Release|Any CPU.Build.0 = Release|Any CPU
		{D92CB500-76AB-4AAD-B63A-0B8321E5CA2F}.Release|Any CPU.Deploy.0 = Release|Any CPU
		{D92CB500-76AB-4AAD-B63A-0B8321E5CA2F}.Release|iPhone.ActiveCfg = Release|Any CPU
		{D92CB500-76AB-4AAD-B63A-0B8321E5CA2F}.Release|iPhone.Build.0 = Release|Any CPU
		{D92CB500-76AB-4AAD-B63A-0B8321E5CA2F}.Release|iPhone.Deploy.0 = Release|Any CPU
		{D92CB500-76AB-4AAD-B63A-0B8321E5CA2F}.Release|iPhoneSimulator.ActiveCfg = Release|Any CPU
		{D92CB500-76AB-4AAD-B63A-0B8321E5CA2F}.Release|iPhoneSimulator.Build.0 = Release|Any CPU
		{D92CB500-76AB-4AAD-B63A-0B8321E5CA2F}.Release|iPhoneSimulator.Deploy.0 = Release|Any CPU
		{A7B28894-AB0D-4DB5-AE90-22776DE18CED}.Ad-Hoc|Any CPU.ActiveCfg = Ad-Hoc|iPhone
		{A7B28894-AB0D-4DB5-AE90-22776DE18CED}.Ad-Hoc|iPhone.ActiveCfg = Ad-Hoc|iPhone
		{A7B28894-AB0D-4DB5-AE90-22776DE18CED}.Ad-Hoc|iPhone.Build.0 = Ad-Hoc|iPhone
		{A7B28894-AB0D-4DB5-AE90-22776DE18CED}.Ad-Hoc|iPhoneSimulator.ActiveCfg = Ad-Hoc|iPhoneSimulator
		{A7B28894-AB0D-4DB5-AE90-22776DE18CED}.Ad-Hoc|iPhoneSimulator.Build.0 = Ad-Hoc|iPhoneSimulator
		{A7B28894-AB0D-4DB5-AE90-22776DE18CED}.AppStore|Any CPU.ActiveCfg = AppStore|iPhone
		{A7B28894-AB0D-4DB5-AE90-22776DE18CED}.AppStore|iPhone.ActiveCfg = AppStore|iPhone
		{A7B28894-AB0D-4DB5-AE90-22776DE18CED}.AppStore|iPhone.Build.0 = AppStore|iPhone
		{A7B28894-AB0D-4DB5-AE90-22776DE18CED}.AppStore|iPhoneSimulator.ActiveCfg = AppStore|iPhoneSimulator
		{A7B28894-AB0D-4DB5-AE90-22776DE18CED}.AppStore|iPhoneSimulator.Build.0 = AppStore|iPhoneSimulator
		{A7B28894-AB0D-4DB5-AE90-22776DE18CED}.Debug|Any CPU.ActiveCfg = Debug|iPhone
		{A7B28894-AB0D-4DB5-AE90-22776DE18CED}.Debug|iPhone.ActiveCfg = Debug|iPhone
		{A7B28894-AB0D-4DB5-AE90-22776DE18CED}.Debug|iPhone.Build.0 = Debug|iPhone
		{A7B28894-AB0D-4DB5-AE90-22776DE18CED}.Debug|iPhoneSimulator.ActiveCfg = Debug|iPhoneSimulator
		{A7B28894-AB0D-4DB5-AE90-22776DE18CED}.Debug|iPhoneSimulator.Build.0 = Debug|iPhoneSimulator
		{A7B28894-AB0D-4DB5-AE90-22776DE18CED}.Release|Any CPU.ActiveCfg = Release|iPhone
		{A7B28894-AB0D-4DB5-AE90-22776DE18CED}.Release|iPhone.ActiveCfg = Release|iPhone
		{A7B28894-AB0D-4DB5-AE90-22776DE18CED}.Release|iPhone.Build.0 = Release|iPhone
		{A7B28894-AB0D-4DB5-AE90-22776DE18CED}.Release|iPhoneSimulator.ActiveCfg = Release|iPhoneSimulator
		{A7B28894-AB0D-4DB5-AE90-22776DE18CED}.Release|iPhoneSimulator.Build.0 = Release|iPhoneSimulator
		{B99F89E0-7F7F-4FFA-80E8-770F3D25DE56}.Ad-Hoc|Any CPU.ActiveCfg = Debug|Any CPU
		{B99F89E0-7F7F-4FFA-80E8-770F3D25DE56}.Ad-Hoc|Any CPU.Build.0 = Debug|Any CPU
		{B99F89E0-7F7F-4FFA-80E8-770F3D25DE56}.Ad-Hoc|iPhone.ActiveCfg = Debug|Any CPU
		{B99F89E0-7F7F-4FFA-80E8-770F3D25DE56}.Ad-Hoc|iPhone.Build.0 = Debug|Any CPU
		{B99F89E0-7F7F-4FFA-80E8-770F3D25DE56}.Ad-Hoc|iPhoneSimulator.ActiveCfg = Debug|Any CPU
		{B99F89E0-7F7F-4FFA-80E8-770F3D25DE56}.Ad-Hoc|iPhoneSimulator.Build.0 = Debug|Any CPU
		{B99F89E0-7F7F-4FFA-80E8-770F3D25DE56}.AppStore|Any CPU.ActiveCfg = Debug|Any CPU
		{B99F89E0-7F7F-4FFA-80E8-770F3D25DE56}.AppStore|Any CPU.Build.0 = Debug|Any CPU
		{B99F89E0-7F7F-4FFA-80E8-770F3D25DE56}.AppStore|iPhone.ActiveCfg = Debug|Any CPU
		{B99F89E0-7F7F-4FFA-80E8-770F3D25DE56}.AppStore|iPhone.Build.0 = Debug|Any CPU
		{B99F89E0-7F7F-4FFA-80E8-770F3D25DE56}.AppStore|iPhoneSimulator.ActiveCfg = Debug|Any CPU
		{B99F89E0-7F7F-4FFA-80E8-770F3D25DE56}.AppStore|iPhoneSimulator.Build.0 = Debug|Any CPU
		{B99F89E0-7F7F-4FFA-80E8-770F3D25DE56}.Debug|Any CPU.ActiveCfg = Debug|Any CPU
		{B99F89E0-7F7F-4FFA-80E8-770F3D25DE56}.Debug|Any CPU.Build.0 = Debug|Any CPU
		{B99F89E0-7F7F-4FFA-80E8-770F3D25DE56}.Debug|iPhone.ActiveCfg = Debug|Any CPU
		{B99F89E0-7F7F-4FFA-80E8-770F3D25DE56}.Debug|iPhone.Build.0 = Debug|Any CPU
		{B99F89E0-7F7F-4FFA-80E8-770F3D25DE56}.Debug|iPhoneSimulator.ActiveCfg = Debug|Any CPU
		{B99F89E0-7F7F-4FFA-80E8-770F3D25DE56}.Debug|iPhoneSimulator.Build.0 = Debug|Any CPU
		{B99F89E0-7F7F-4FFA-80E8-770F3D25DE56}.Release|Any CPU.ActiveCfg = Release|Any CPU
		{B99F89E0-7F7F-4FFA-80E8-770F3D25DE56}.Release|Any CPU.Build.0 = Release|Any CPU
		{B99F89E0-7F7F-4FFA-80E8-770F3D25DE56}.Release|iPhone.ActiveCfg = Release|Any CPU
		{B99F89E0-7F7F-4FFA-80E8-770F3D25DE56}.Release|iPhone.Build.0 = Release|Any CPU
		{B99F89E0-7F7F-4FFA-80E8-770F3D25DE56}.Release|iPhoneSimulator.ActiveCfg = Release|Any CPU
		{B99F89E0-7F7F-4FFA-80E8-770F3D25DE56}.Release|iPhoneSimulator.Build.0 = Release|Any CPU
	EndGlobalSection
	GlobalSection(SolutionProperties) = preSolution
		HideSolutionNode = FALSE
	EndGlobalSection
	GlobalSection(ExtensibilityGlobals) = postSolution
		SolutionGuid = {195ABD71-6E05-4A84-959A-C829AEF57B8D}
	EndGlobalSection
EndGlobal
